
Microsoft Visual Studio Solution File, Format Version 12.00
# Visual Studio Version 16
VisualStudioVersion = 16.0.29230.47
MinimumVisualStudioVersion = 10.0.40219.1
Project("{FAE04EC0-301F-11D3-BF4B-00C04F79EFBC}") = "MultiThreadDownload.Library", "MultiThreadDownload.Library\MultiThreadDownload.Library.csproj", "{FC68FE9F-E8D0-46DF-A408-3D2DD01B1EB9}"
EndProject
Project("{FAE04EC0-301F-11D3-BF4B-00C04F79EFBC}") = "SampleUI", "SampleUI\SampleUI.csproj", "{334A97B8-B4BC-4154-BFC2-F1FD33F12B48}"
EndProject
Project("{FAE04EC0-301F-11D3-BF4B-00C04F79EFBC}") = "User", "User\User.csproj", "{50438008-D6FE-406E-A411-2C62C0EF3ADF}"
EndProject
Global
	GlobalSection(SolutionConfigurationPlatforms) = preSolution
		Debug|Any CPU = Debug|Any CPU
		Release|Any CPU = Release|Any CPU
	EndGlobalSection
	GlobalSection(ProjectConfigurationPlatforms) = postSolution
		{FC68FE9F-E8D0-46DF-A408-3D2DD01B1EB9}.Debug|Any CPU.ActiveCfg = Debug|Any CPU
		{FC68FE9F-E8D0-46DF-A408-3D2DD01B1EB9}.Debug|Any CPU.Build.0 = Debug|Any CPU
		{FC68FE9F-E8D0-46DF-A408-3D2DD01B1EB9}.Release|Any CPU.ActiveCfg = Release|Any CPU
		{FC68FE9F-E8D0-46DF-A408-3D2DD01B1EB9}.Release|Any CPU.Build.0 = Release|Any CPU
		{334A97B8-B4BC-4154-BFC2-F1FD33F12B48}.Debug|Any CPU.ActiveCfg = Debug|Any CPU
		{334A97B8-B4BC-4154-BFC2-F1FD33F12B48}.Debug|Any CPU.Build.0 = Debug|Any CPU
		{334A97B8-B4BC-4154-BFC2-F1FD33F12B48}.Release|Any CPU.ActiveCfg = Release|Any CPU
		{334A97B8-B4BC-4154-BFC2-F1FD33F12B48}.Release|Any CPU.Build.0 = Release|Any CPU
		{50438008-D6FE-406E-A411-2C62C0EF3ADF}.Debug|Any CPU.ActiveCfg = Debug|Any CPU
		{50438008-D6FE-406E-A411-2C62C0EF3ADF}.Debug|Any CPU.Build.0 = Debug|Any CPU
		{50438008-D6FE-406E-A411-2C62C0EF3ADF}.Release|Any CPU.ActiveCfg = Release|Any CPU
		{50438008-D6FE-406E-A411-2C62C0EF3ADF}.Release|Any CPU.Build.0 = Release|Any CPU
	EndGlobalSection
	GlobalSection(SolutionProperties) = preSolution
		HideSolutionNode = FALSE
	EndGlobalSection
	GlobalSection(ExtensibilityGlobals) = postSolution
		SolutionGuid = {7DC513F0-D13E-4106-881F-C3099DA21FE1}
	EndGlobalSection
EndGlobal
