
Microsoft Visual Studio Solution File, Format Version 12.00
# Visual Studio Version 16
VisualStudioVersion = 16.0.29230.47
MinimumVisualStudioVersion = 10.0.40219.1
Project("{FAE04EC0-301F-11D3-BF4B-00C04F79EFBC}") = "MultiThreadedDownloader.MultiDownloaderLibrary", "MultiThreadedDownloader.MultiDownloaderLibrary\MultiThreadedDownloader.MultiDownloaderLibrary.csproj", "{BC874DE4-E461-49FD-94B1-83824D1966C9}"
EndProject
Project("{FAE04EC0-301F-11D3-BF4B-00C04F79EFBC}") = "MultiThreadedDownloader.UserInterface", "MultiThreadedDownloader.UserInterface\MultiThreadedDownloader.UserInterface.csproj", "{61DD0BD0-FACD-488D-8D5F-F54E13A28319}"
EndProject
Project("{FAE04EC0-301F-11D3-BF4B-00C04F79EFBC}") = "Supporter", "Supporter\Supporter.csproj", "{77CE73F4-BBBA-49E4-8B26-D841F164479A}"
EndProject
Global
	GlobalSection(SolutionConfigurationPlatforms) = preSolution
		Debug|Any CPU = Debug|Any CPU
		Release|Any CPU = Release|Any CPU
	EndGlobalSection
	GlobalSection(ProjectConfigurationPlatforms) = postSolution
		{BC874DE4-E461-49FD-94B1-83824D1966C9}.Debug|Any CPU.ActiveCfg = Debug|Any CPU
		{BC874DE4-E461-49FD-94B1-83824D1966C9}.Debug|Any CPU.Build.0 = Debug|Any CPU
		{BC874DE4-E461-49FD-94B1-83824D1966C9}.Release|Any CPU.ActiveCfg = Release|Any CPU
		{BC874DE4-E461-49FD-94B1-83824D1966C9}.Release|Any CPU.Build.0 = Release|Any CPU
		{61DD0BD0-FACD-488D-8D5F-F54E13A28319}.Debug|Any CPU.ActiveCfg = Debug|Any CPU
		{61DD0BD0-FACD-488D-8D5F-F54E13A28319}.Debug|Any CPU.Build.0 = Debug|Any CPU
		{61DD0BD0-FACD-488D-8D5F-F54E13A28319}.Release|Any CPU.ActiveCfg = Release|Any CPU
		{61DD0BD0-FACD-488D-8D5F-F54E13A28319}.Release|Any CPU.Build.0 = Release|Any CPU
		{77CE73F4-BBBA-49E4-8B26-D841F164479A}.Debug|Any CPU.ActiveCfg = Debug|Any CPU
		{77CE73F4-BBBA-49E4-8B26-D841F164479A}.Debug|Any CPU.Build.0 = Debug|Any CPU
		{77CE73F4-BBBA-49E4-8B26-D841F164479A}.Release|Any CPU.ActiveCfg = Release|Any CPU
		{77CE73F4-BBBA-49E4-8B26-D841F164479A}.Release|Any CPU.Build.0 = Release|Any CPU
	EndGlobalSection
	GlobalSection(SolutionProperties) = preSolution
		HideSolutionNode = FALSE
	EndGlobalSection
	GlobalSection(ExtensibilityGlobals) = postSolution
		SolutionGuid = {BECE7307-BD75-48A2-863E-D19DFB17B05D}
	EndGlobalSection
EndGlobal
